
Microsoft Visual Studio Solution File, Format Version 11.00
# Visual Studio 2010
Project("{FAE04EC0-301F-11D3-BF4B-00C04F79EFBC}") = "FrozenHeadersGrid", "FrozenHeadersGrid\FrozenHeadersGrid.csproj", "{A258C493-994F-44AA-840E-77515150223F}"
EndProject
Project("{FAE04EC0-301F-11D3-BF4B-00C04F79EFBC}") = "FrozenHeadersGrid.UnitTests", "FrozenHeadersGrid.UnitTests\FrozenHeadersGrid.UnitTests.csproj", "{1F2F79DF-1500-4658-8803-1EC1F3FB241F}"
EndProject
Project("{FAE04EC0-301F-11D3-BF4B-00C04F79EFBC}") = "FrozenHeadersGrid.Demo", "FrozenHeadersGrid.Demo\FrozenHeadersGrid.Demo.csproj", "{39B457BB-D70F-47BA-872C-AB80C683C84B}"
EndProject
Global
	GlobalSection(SolutionConfigurationPlatforms) = preSolution
		Debug|Any CPU = Debug|Any CPU
		Release|Any CPU = Release|Any CPU
		Debug|iPhoneSimulator = Debug|iPhoneSimulator
		Release|iPhoneSimulator = Release|iPhoneSimulator
		Debug|iPhone = Debug|iPhone
		Release|iPhone = Release|iPhone
		Ad-Hoc|iPhone = Ad-Hoc|iPhone
		AppStore|iPhone = AppStore|iPhone
	EndGlobalSection
	GlobalSection(ProjectConfigurationPlatforms) = postSolution
		{1F2F79DF-1500-4658-8803-1EC1F3FB241F}.Ad-Hoc|iPhone.ActiveCfg = Ad-Hoc|iPhone
		{1F2F79DF-1500-4658-8803-1EC1F3FB241F}.Ad-Hoc|iPhone.Build.0 = Ad-Hoc|iPhone
		{1F2F79DF-1500-4658-8803-1EC1F3FB241F}.AppStore|iPhone.ActiveCfg = AppStore|iPhone
		{1F2F79DF-1500-4658-8803-1EC1F3FB241F}.AppStore|iPhone.Build.0 = AppStore|iPhone
		{1F2F79DF-1500-4658-8803-1EC1F3FB241F}.Debug|Any CPU.ActiveCfg = Debug|iPhoneSimulator
		{1F2F79DF-1500-4658-8803-1EC1F3FB241F}.Debug|Any CPU.Build.0 = Debug|iPhoneSimulator
		{1F2F79DF-1500-4658-8803-1EC1F3FB241F}.Debug|iPhone.ActiveCfg = Debug|iPhone
		{1F2F79DF-1500-4658-8803-1EC1F3FB241F}.Debug|iPhone.Build.0 = Debug|iPhone
		{1F2F79DF-1500-4658-8803-1EC1F3FB241F}.Debug|iPhoneSimulator.ActiveCfg = Debug|iPhoneSimulator
		{1F2F79DF-1500-4658-8803-1EC1F3FB241F}.Debug|iPhoneSimulator.Build.0 = Debug|iPhoneSimulator
		{1F2F79DF-1500-4658-8803-1EC1F3FB241F}.Release|Any CPU.ActiveCfg = Release|iPhoneSimulator
		{1F2F79DF-1500-4658-8803-1EC1F3FB241F}.Release|Any CPU.Build.0 = Release|iPhoneSimulator
		{1F2F79DF-1500-4658-8803-1EC1F3FB241F}.Release|iPhone.ActiveCfg = Release|iPhone
		{1F2F79DF-1500-4658-8803-1EC1F3FB241F}.Release|iPhone.Build.0 = Release|iPhone
		{1F2F79DF-1500-4658-8803-1EC1F3FB241F}.Release|iPhoneSimulator.ActiveCfg = Release|iPhoneSimulator
		{1F2F79DF-1500-4658-8803-1EC1F3FB241F}.Release|iPhoneSimulator.Build.0 = Release|iPhoneSimulator
		{39B457BB-D70F-47BA-872C-AB80C683C84B}.Ad-Hoc|iPhone.ActiveCfg = Ad-Hoc|iPhone
		{39B457BB-D70F-47BA-872C-AB80C683C84B}.Ad-Hoc|iPhone.Build.0 = Ad-Hoc|iPhone
		{39B457BB-D70F-47BA-872C-AB80C683C84B}.AppStore|iPhone.ActiveCfg = AppStore|iPhone
		{39B457BB-D70F-47BA-872C-AB80C683C84B}.AppStore|iPhone.Build.0 = AppStore|iPhone
		{39B457BB-D70F-47BA-872C-AB80C683C84B}.Debug|Any CPU.ActiveCfg = Debug|iPhoneSimulator
		{39B457BB-D70F-47BA-872C-AB80C683C84B}.Debug|Any CPU.Build.0 = Debug|iPhoneSimulator
		{39B457BB-D70F-47BA-872C-AB80C683C84B}.Debug|iPhone.ActiveCfg = Debug|iPhone
		{39B457BB-D70F-47BA-872C-AB80C683C84B}.Debug|iPhone.Build.0 = Debug|iPhone
		{39B457BB-D70F-47BA-872C-AB80C683C84B}.Debug|iPhoneSimulator.ActiveCfg = Debug|iPhoneSimulator
		{39B457BB-D70F-47BA-872C-AB80C683C84B}.Debug|iPhoneSimulator.Build.0 = Debug|iPhoneSimulator
		{39B457BB-D70F-47BA-872C-AB80C683C84B}.Release|Any CPU.ActiveCfg = Release|iPhoneSimulator
		{39B457BB-D70F-47BA-872C-AB80C683C84B}.Release|Any CPU.Build.0 = Release|iPhoneSimulator
		{39B457BB-D70F-47BA-872C-AB80C683C84B}.Release|iPhone.ActiveCfg = Release|iPhone
		{39B457BB-D70F-47BA-872C-AB80C683C84B}.Release|iPhone.Build.0 = Release|iPhone
		{39B457BB-D70F-47BA-872C-AB80C683C84B}.Release|iPhoneSimulator.ActiveCfg = Release|iPhoneSimulator
		{39B457BB-D70F-47BA-872C-AB80C683C84B}.Release|iPhoneSimulator.Build.0 = Release|iPhoneSimulator
		{A258C493-994F-44AA-840E-77515150223F}.Debug|Any CPU.ActiveCfg = Debug|Any CPU
		{A258C493-994F-44AA-840E-77515150223F}.Debug|Any CPU.Build.0 = Debug|Any CPU
		{A258C493-994F-44AA-840E-77515150223F}.Release|Any CPU.ActiveCfg = Release|Any CPU
		{A258C493-994F-44AA-840E-77515150223F}.Release|Any CPU.Build.0 = Release|Any CPU
	EndGlobalSection
	GlobalSection(MonoDevelopProperties) = preSolution
		StartupItem = FrozenHeadersGrid.UnitTests\FrozenHeadersGrid.UnitTests.csproj
	EndGlobalSection
EndGlobal
